PODS:
  - add_2_calendar (0.0.1):
    - Flutter
  - connectivity_plus (0.0.1):
    - Flutter
    - FlutterMacOS
  - device_calendar (0.0.1):
    - Flutter
  - Flutter (1.0.0)
  - flutter_timezone (0.0.1):
    - Flutter
  - isar_flutter_libs (1.0.0):
    - Flutter
  - path_provider_foundation (0.0.1):
    - Flutter
    - FlutterMacOS
  - permission_handler_apple (9.3.0):
    - Flutter
  - sqflite (0.0.3):
    - Flutter
    - FlutterMacOS

DEPENDENCIES:
  - add_2_calendar (from `.symlinks/plugins/add_2_calendar/ios`)
  - connectivity_plus (from `.symlinks/plugins/connectivity_plus/darwin`)
  - device_calendar (from `.symlinks/plugins/device_calendar/ios`)
  - Flutter (from `Flutter`)
  - flutter_timezone (from `.symlinks/plugins/flutter_timezone/ios`)
  - isar_flutter_libs (from `.symlinks/plugins/isar_flutter_libs/ios`)
  - path_provider_foundation (from `.symlinks/plugins/path_provider_foundation/darwin`)
  - permission_handler_apple (from `.symlinks/plugins/permission_handler_apple/ios`)
  - sqflite (from `.symlinks/plugins/sqflite/darwin`)

EXTERNAL SOURCES:
  add_2_calendar:
    :path: ".symlinks/plugins/add_2_calendar/ios"
  connectivity_plus:
    :path: ".symlinks/plugins/connectivity_plus/darwin"
  device_calendar:
    :path: ".symlinks/plugins/device_calendar/ios"
  Flutter:
    :path: Flutter
  flutter_timezone:
    :path: ".symlinks/plugins/flutter_timezone/ios"
  isar_flutter_libs:
    :path: ".symlinks/plugins/isar_flutter_libs/ios"
  path_provider_foundation:
    :path: ".symlinks/plugins/path_provider_foundation/darwin"
  permission_handler_apple:
    :path: ".symlinks/plugins/permission_handler_apple/ios"
  sqflite:
    :path: ".symlinks/plugins/sqflite/darwin"

SPEC CHECKSUMS:
  add_2_calendar: 5eee66d5a3b99cd5e1487a7e03abd4e3ac4aff11
  connectivity_plus: ddd7f30999e1faaef5967c23d5b6d503d10434db
  device_calendar: 9cb33f88a02e19652ec7b8b122ca778f751b1f7b
  Flutter: e0871f40cf51350855a761d2e70bf5af5b9b5de7
  flutter_timezone: ffb07bdad3c6276af8dada0f11978d8a1f8a20bb
  isar_flutter_libs: b69f437aeab9c521821c3f376198c4371fa21073
  path_provider_foundation: 2b6b4c569c0fb62ec74538f866245ac84301af46
  permission_handler_apple: 9878588469a2b0d0fc1e048d9f43605f92e6cec2
  sqflite: 673a0e54cc04b7d6dba8d24fb8095b31c3a99eec

PODFILE CHECKSUM: 53af33dd96ae6c23c52f861c2c733e4ffe8f7007

COCOAPODS: 1.15.2
